
Microsoft Visual Studio Solution File, Format Version 12.00
# Visual Studio Version 17
VisualStudioVersion = 17.3.32811.315
MinimumVisualStudioVersion = 10.0.40219.1
Project("{FAE04EC0-301F-11D3-BF4B-00C04F79EFBC}") = "Hypotenuse Calc", "Hypotenuse Calc\Hypotenuse Calc.csproj", "{B76588EB-551C-4199-9E9F-949F7654FF57}"
EndProject
Global
	GlobalSection(SolutionConfigurationPlatforms) = preSolution
		Debug|Any CPU = Debug|Any CPU
		Release|Any CPU = Release|Any CPU
	EndGlobalSection
	GlobalSection(ProjectConfigurationPlatforms) = postSolution
		{B76588EB-551C-4199-9E9F-949F7654FF57}.Debug|Any CPU.ActiveCfg = Debug|Any CPU
		{B76588EB-551C-4199-9E9F-949F7654FF57}.Debug|Any CPU.Build.0 = Debug|Any CPU
		{B76588EB-551C-4199-9E9F-949F7654FF57}.Release|Any CPU.ActiveCfg = Release|Any CPU
		{B76588EB-551C-4199-9E9F-949F7654FF57}.Release|Any CPU.Build.0 = Release|Any CPU
	EndGlobalSection
	GlobalSection(SolutionProperties) = preSolution
		HideSolutionNode = FALSE
	EndGlobalSection
	GlobalSection(ExtensibilityGlobals) = postSolution
		SolutionGuid = {3ED7170A-04DA-404D-A670-A798A618A01C}
	EndGlobalSection
EndGlobal
